
Microsoft Visual Studio Solution File, Format Version 12.00
# Visual Studio Version 16
VisualStudioVersion = 16.0.31112.23
MinimumVisualStudioVersion = 10.0.40219.1
Project("{FAE04EC0-301F-11D3-BF4B-00C04F79EFBC}") = "StudyAzureApp", "StudyAzureApp\StudyAzureApp.csproj", "{06847708-7C92-4E42-BAE5-0D4E51032833}"
EndProject
Global
	GlobalSection(SolutionConfigurationPlatforms) = preSolution
		Debug|Any CPU = Debug|Any CPU
		Release|Any CPU = Release|Any CPU
	EndGlobalSection
	GlobalSection(ProjectConfigurationPlatforms) = postSolution
		{06847708-7C92-4E42-BAE5-0D4E51032833}.Debug|Any CPU.ActiveCfg = Debug|Any CPU
		{06847708-7C92-4E42-BAE5-0D4E51032833}.Debug|Any CPU.Build.0 = Debug|Any CPU
		{06847708-7C92-4E42-BAE5-0D4E51032833}.Release|Any CPU.ActiveCfg = Release|Any CPU
		{06847708-7C92-4E42-BAE5-0D4E51032833}.Release|Any CPU.Build.0 = Release|Any CPU
	EndGlobalSection
	GlobalSection(SolutionProperties) = preSolution
		HideSolutionNode = FALSE
	EndGlobalSection
	GlobalSection(ExtensibilityGlobals) = postSolution
		SolutionGuid = {994B2909-FB6C-440B-B398-35A1F900CA61}
	EndGlobalSection
EndGlobal
